// !$*UTF8*$!
{
	archiveVersion = 1;
	classes = {
	};
	objectVersion = 52;
	objects = {

/* Begin PBXBuildFile section */
		291E6A782482AC660015E831 /* AppDelegate.swift in Sources */ = {isa = PBXBuildFile; fileRef = 291E6A772482AC660015E831 /* AppDelegate.swift */; };
		291E6A7A2482AC660015E831 /* SceneDelegate.swift in Sources */ = {isa = PBXBuildFile; fileRef = 291E6A792482AC660015E831 /* SceneDelegate.swift */; };
		291E6A7C2482AC660015E831 /* ContentView.swift in Sources */ = {isa = PBXBuildFile; fileRef = 291E6A7B2482AC660015E831 /* ContentView.swift */; };
		291E6A7E2482AC670015E831 /* Assets.xcassets in Resources */ = {isa = PBXBuildFile; fileRef = 291E6A7D2482AC670015E831 /* Assets.xcassets */; };
		291E6A812482AC670015E831 /* Preview Assets.xcassets in Resources */ = {isa = PBXBuildFile; fileRef = 291E6A802482AC670015E831 /* Preview Assets.xcassets */; };
		291E6A842482AC670015E831 /* LaunchScreen.storyboard in Resources */ = {isa = PBXBuildFile; fileRef = 291E6A822482AC670015E831 /* LaunchScreen.storyboard */; };
		291E6A8D2482ACF40015E831 /* SwiftyJSON in Frameworks */ = {isa = PBXBuildFile; productRef = 291E6A8C2482ACF40015E831 /* SwiftyJSON */; };
		291E6A902482B09F0015E831 /* SDWebImageSwiftUI in Frameworks */ = {isa = PBXBuildFile; productRef = 291E6A8F2482B09F0015E831 /* SDWebImageSwiftUI */; };
		292DFEFB248F5A9A005D559D /* UnsplashView.swift in Sources */ = {isa = PBXBuildFile; fileRef = 292DFEFA248F5A9A005D559D /* UnsplashView.swift */; };
		292DFEFD248F5B47005D559D /* ChangeView.swift in Sources */ = {isa = PBXBuildFile; fileRef = 292DFEFC248F5B47005D559D /* ChangeView.swift */; };
		297B975D2490888700FE1412 /* RAndMView.swift in Sources */ = {isa = PBXBuildFile; fileRef = 297B975C2490888700FE1412 /* RAndMView.swift */; };
		297D7F30249799BB0008A312 /* SelectNewsView.swift in Sources */ = {isa = PBXBuildFile; fileRef = 297D7F2F249799BB0008A312 /* SelectNewsView.swift */; };
		2987DE6B2498D9A700431B08 /* USANewsView.swift in Sources */ = {isa = PBXBuildFile; fileRef = 2987DE6A2498D9A700431B08 /* USANewsView.swift */; };
/* End PBXBuildFile section */

/* Begin PBXFileReference section */
		291E6A742482AC660015E831 /* News.app */ = {isa = PBXFileReference; explicitFileType = wrapper.application; includeInIndex = 0; path = News.app; sourceTree = BUILT_PRODUCTS_DIR; };
		291E6A772482AC660015E831 /* AppDelegate.swift */ = {isa = PBXFileReference; lastKnownFileType = sourcecode.swift; path = AppDelegate.swift; sourceTree = "<group>"; };
		291E6A792482AC660015E831 /* SceneDelegate.swift */ = {isa = PBXFileReference; lastKnownFileType = sourcecode.swift; path = SceneDelegate.swift; sourceTree = "<group>"; };
		291E6A7B2482AC660015E831 /* ContentView.swift */ = {isa = PBXFileReference; lastKnownFileType = sourcecode.swift; path = ContentView.swift; sourceTree = "<group>"; };
		291E6A7D2482AC670015E831 /* Assets.xcassets */ = {isa = PBXFileReference; lastKnownFileType = folder.assetcatalog; path = Assets.xcassets; sourceTree = "<group>"; };
		291E6A802482AC670015E831 /* Preview Assets.xcassets */ = {isa = PBXFileReference; lastKnownFileType = folder.assetcatalog; path = "Preview Assets.xcassets"; sourceTree = "<group>"; };
		291E6A832482AC670015E831 /* Base */ = {isa = PBXFileReference; lastKnownFileType = file.storyboard; name = Base; path = Base.lproj/LaunchScreen.storyboard; sourceTree = "<group>"; };
		291E6A852482AC670015E831 /* Info.plist */ = {isa = PBXFileReference; lastKnownFileType = text.plist.xml; path = Info.plist; sourceTree = "<group>"; };
		292DFEFA248F5A9A005D559D /* UnsplashView.swift */ = {isa = PBXFileReference; lastKnownFileType = sourcecode.swift; path = UnsplashView.swift; sourceTree = "<group>"; };
		292DFEFC248F5B47005D559D /* ChangeView.swift */ = {isa = PBXFileReference; lastKnownFileType = sourcecode.swift; path = ChangeView.swift; sourceTree = "<group>"; };
		297B975C2490888700FE1412 /* RAndMView.swift */ = {isa = PBXFileReference; lastKnownFileType = sourcecode.swift; path = RAndMView.swift; sourceTree = "<group>"; };
		297D7F2F249799BB0008A312 /* SelectNewsView.swift */ = {isa = PBXFileReference; lastKnownFileType = sourcecode.swift; path = SelectNewsView.swift; sourceTree = "<group>"; };
		2987DE6A2498D9A700431B08 /* USANewsView.swift */ = {isa = PBXFileReference; lastKnownFileType = sourcecode.swift; path = USANewsView.swift; sourceTree = "<group>"; };
/* End PBXFileReference section */

/* Begin PBXFrameworksBuildPhase section */
		291E6A712482AC660015E831 /* Frameworks */ = {
			isa = PBXFrameworksBuildPhase;
			buildActionMask = 2147483647;
			files = (
				291E6A902482B09F0015E831 /* SDWebImageSwiftUI in Frameworks */,
				291E6A8D2482ACF40015E831 /* SwiftyJSON in Frameworks */,
			);
			runOnlyForDeploymentPostprocessing = 0;
		};
/* End PBXFrameworksBuildPhase section */

/* Begin PBXGroup section */
		291E6A6B2482AC660015E831 = {
			isa = PBXGroup;
			children = (
				291E6A762482AC660015E831 /* News */,
				291E6A752482AC660015E831 /* Products */,
			);
			sourceTree = "<group>";
		};
		291E6A752482AC660015E831 /* Products */ = {
			isa = PBXGroup;
			children = (
				291E6A742482AC660015E831 /* News.app */,
			);
			name = Products;
			sourceTree = "<group>";
		};
		291E6A762482AC660015E831 /* News */ = {
			isa = PBXGroup;
			children = (
				291E6A772482AC660015E831 /* AppDelegate.swift */,
				291E6A792482AC660015E831 /* SceneDelegate.swift */,
				291E6A7B2482AC660015E831 /* ContentView.swift */,
				2987DE6A2498D9A700431B08 /* USANewsView.swift */,
				297B975C2490888700FE1412 /* RAndMView.swift */,
				292DFEFA248F5A9A005D559D /* UnsplashView.swift */,
				292DFEFC248F5B47005D559D /* ChangeView.swift */,
				297D7F2F249799BB0008A312 /* SelectNewsView.swift */,
				291E6A7D2482AC670015E831 /* Assets.xcassets */,
				291E6A822482AC670015E831 /* LaunchScreen.storyboard */,
				291E6A852482AC670015E831 /* Info.plist */,
				291E6A7F2482AC670015E831 /* Preview Content */,
			);
			path = News;
			sourceTree = "<group>";
		};
		291E6A7F2482AC670015E831 /* Preview Content */ = {
			isa = PBXGroup;
			children = (
				291E6A802482AC670015E831 /* Preview Assets.xcassets */,
			);
			path = "Preview Content";
			sourceTree = "<group>";
		};
/* End PBXGroup section */

/* Begin PBXNativeTarget section */
		291E6A732482AC660015E831 /* News */ = {
			isa = PBXNativeTarget;
			buildConfigurationList = 291E6A882482AC670015E831 /* Build configuration list for PBXNativeTarget "News" */;
			buildPhases = (
				291E6A702482AC660015E831 /* Sources */,
				291E6A712482AC660015E831 /* Frameworks */,
				291E6A722482AC660015E831 /* Resources */,
			);
			buildRules = (
			);
			dependencies = (
			);
			name = News;
			packageProductDependencies = (
				291E6A8C2482ACF40015E831 /* SwiftyJSON */,
				291E6A8F2482B09F0015E831 /* SDWebImageSwiftUI */,
			);
			productName = News;
			productReference = 291E6A742482AC660015E831 /* News.app */;
			productType = "com.apple.product-type.application";
		};
/* End PBXNativeTarget section */

/* Begin PBXProject section */
		291E6A6C2482AC660015E831 /* Project object */ = {
			isa = PBXProject;
			attributes = {
				LastSwiftUpdateCheck = 1130;
				LastUpgradeCheck = 1130;
				ORGANIZATIONNAME = ntouyujen;
				TargetAttributes = {
					291E6A732482AC660015E831 = {
						CreatedOnToolsVersion = 11.3.1;
					};
				};
			};
			buildConfigurationList = 291E6A6F2482AC660015E831 /* Build configuration list for PBXProject "News" */;
			compatibilityVersion = "Xcode 9.3";
			developmentRegion = en;
			hasScannedForEncodings = 0;
			knownRegions = (
				en,
				Base,
			);
			mainGroup = 291E6A6B2482AC660015E831;
			packageReferences = (
				291E6A8B2482ACF40015E831 /* XCRemoteSwiftPackageReference "SwiftyJSON" */,
				291E6A8E2482B09F0015E831 /* XCRemoteSwiftPackageReference "SDWebImageSwiftUI" */,
			);
			productRefGroup = 291E6A752482AC660015E831 /* Products */;
			projectDirPath = "";
			projectRoot = "";
			targets = (
				291E6A732482AC660015E831 /* News */,
			);
		};
/* End PBXProject section */

/* Begin PBXResourcesBuildPhase section */
		291E6A722482AC660015E831 /* Resources */ = {
			isa = PBXResourcesBuildPhase;
			buildActionMask = 2147483647;
			files = (
				291E6A842482AC670015E831 /* LaunchScreen.storyboard in Resources */,
				291E6A812482AC670015E831 /* Preview Assets.xcassets in Resources */,
				291E6A7E2482AC670015E831 /* Assets.xcassets in Resources */,
			);
			runOnlyForDeploymentPostprocessing = 0;
		};
/* End PBXResourcesBuildPhase section */

/* Begin PBXSourcesBuildPhase section */
		291E6A702482AC660015E831 /* Sources */ = {
			isa = PBXSourcesBuildPhase;
			buildActionMask = 2147483647;
			files = (
				291E6A782482AC660015E831 /* AppDelegate.swift in Sources */,
				291E6A7A2482AC660015E831 /* SceneDelegate.swift in Sources */,
				292DFEFB248F5A9A005D559D /* UnsplashView.swift in Sources */,
				291E6A7C2482AC660015E831 /* ContentView.swift in Sources */,
				292DFEFD248F5B47005D559D /* ChangeView.swift in Sources */,
				2987DE6B2498D9A700431B08 /* USANewsView.swift in Sources */,
				297B975D2490888700FE1412 /* RAndMView.swift in Sources */,
				297D7F30249799BB0008A312 /* SelectNewsView.swift in Sources */,
			);
			runOnlyForDeploymentPostprocessing = 0;
		};
/* End PBXSourcesBuildPhase section */

/* Begin PBXVariantGroup section */
		291E6A822482AC670015E831 /* LaunchScreen.storyboard */ = {
			isa = PBXVariantGroup;
			children = (
				291E6A832482AC670015E831 /* Base */,
			);
			name = LaunchScreen.storyboard;
			sourceTree = "<group>";
		};
/* End PBXVariantGroup section */

/* Begin XCBuildConfiguration section */
		291E6A862482AC670015E831 /* Debug */ = {
			isa = XCBuildConfiguration;
			buildSettings = {
				ALWAYS_SEARCH_USER_PATHS = NO;
				CLANG_ANALYZER_NONNULL = YES;
				CLANG_ANALYZER_NUMBER_OBJECT_CONVERSION = YES_AGGRESSIVE;
				CLANG_CXX_LANGUAGE_STANDARD = "gnu++14";
				CLANG_CXX_LIBRARY = "libc++";
				CLANG_ENABLE_MODULES = YES;
				CLANG_ENABLE_OBJC_ARC = YES;
				CLANG_ENABLE_OBJC_WEAK = YES;
				CLANG_WARN_BLOCK_CAPTURE_AUTORELEASING = YES;
				CLANG_WARN_BOOL_CONVERSION = YES;
				CLANG_WARN_COMMA = YES;
				CLANG_WARN_CONSTANT_CONVERSION = YES;
				CLANG_WARN_DEPRECATED_OBJC_IMPLEMENTATIONS = YES;
				CLANG_WARN_DIRECT_OBJC_ISA_USAGE = YES_ERROR;
				CLANG_WARN_DOCUMENTATION_COMMENTS = YES;
				CLANG_WARN_EMPTY_BODY = YES;
				CLANG_WARN_ENUM_CONVERSION = YES;
				CLANG_WARN_INFINITE_RECURSION = YES;
				CLANG_WARN_INT_CONVERSION = YES;
				CLANG_WARN_NON_LITERAL_NULL_CONVERSION = YES;
				CLANG_WARN_OBJC_IMPLICIT_RETAIN_SELF = YES;
				CLANG_WARN_OBJC_LITERAL_CONVERSION = YES;
				CLANG_WARN_OBJC_ROOT_CLASS = YES_ERROR;
				CLANG_WARN_RANGE_LOOP_ANALYSIS = YES;
				CLANG_WARN_STRICT_PROTOTYPES = YES;
				CLANG_WARN_SUSPICIOUS_MOVE = YES;
				CLANG_WARN_UNGUARDED_AVAILABILITY = YES_AGGRESSIVE;
				CLANG_WARN_UNREACHABLE_CODE = YES;
				CLANG_WARN__DUPLICATE_METHOD_MATCH = YES;
				COPY_PHASE_STRIP = NO;
				DEBUG_INFORMATION_FORMAT = dwarf;
				ENABLE_STRICT_OBJC_MSGSEND = YES;
				ENABLE_TESTABILITY = YES;
				GCC_C_LANGUAGE_STANDARD = gnu11;
				GCC_DYNAMIC_NO_PIC = NO;
				GCC_NO_COMMON_BLOCKS = YES;
				GCC_OPTIMIZATION_LEVEL = 0;
				GCC_PREPROCESSOR_DEFINITIONS = (
					"DEBUG=1",
					"$(inherited)",
				);
				GCC_WARN_64_TO_32_BIT_CONVERSION = YES;
				GCC_WARN_ABOUT_RETURN_TYPE = YES_ERROR;
				GCC_WARN_UNDECLARED_SELECTOR = YES;
				GCC_WARN_UNINITIALIZED_AUTOS = YES_AGGRESSIVE;
				GCC_WARN_UNUSED_FUNCTION = YES;
				GCC_WARN_UNUSED_VARIABLE = YES;
				IPHONEOS_DEPLOYMENT_TARGET = 13.2;
				MTL_ENABLE_DEBUG_INFO = INCLUDE_SOURCE;
				MTL_FAST_MATH = YES;
				ONLY_ACTIVE_ARCH = YES;
				SDKROOT = iphoneos;
				SWIFT_ACTIVE_COMPILATION_CONDITIONS = DEBUG;
				SWIFT_OPTIMIZATION_LEVEL = "-Onone";
			};
			name = Debug;
		};
		291E6A872482AC670015E831 /* Release */ = {
			isa = XCBuildConfiguration;
			buildSettings = {
				ALWAYS_SEARCH_USER_PATHS = NO;
				CLANG_ANALYZER_NONNULL = YES;
				CLANG_ANALYZER_NUMBER_OBJECT_CONVERSION = YES_AGGRESSIVE;
				CLANG_CXX_LANGUAGE_STANDARD = "gnu++14";
				CLANG_CXX_LIBRARY = "libc++";
				CLANG_ENABLE_MODULES = YES;
				CLANG_ENABLE_OBJC_ARC = YES;
				CLANG_ENABLE_OBJC_WEAK = YES;
				CLANG_WARN_BLOCK_CAPTURE_AUTORELEASING = YES;
				CLANG_WARN_BOOL_CONVERSION = YES;
				CLANG_WARN_COMMA = YES;
				CLANG_WARN_CONSTANT_CONVERSION = YES;
				CLANG_WARN_DEPRECATED_OBJC_IMPLEMENTATIONS = YES;
				CLANG_WARN_DIRECT_OBJC_ISA_USAGE = YES_ERROR;
				CLANG_WARN_DOCUMENTATION_COMMENTS = YES;
				CLANG_WARN_EMPTY_BODY = YES;
				CLANG_WARN_ENUM_CONVERSION = YES;
				CLANG_WARN_INFINITE_RECURSION = YES;
				CLANG_WARN_INT_CONVERSION = YES;
				CLANG_WARN_NON_LITERAL_NULL_CONVERSION = YES;
				CLANG_WARN_OBJC_IMPLICIT_RETAIN_SELF = YES;
				CLANG_WARN_OBJC_LITERAL_CONVERSION = YES;
				CLANG_WARN_OBJC_ROOT_CLASS = YES_ERROR;
				CLANG_WARN_RANGE_LOOP_ANALYSIS = YES;
				CLANG_WARN_STRICT_PROTOTYPES = YES;
				CLANG_WARN_SUSPICIOUS_MOVE = YES;
				CLANG_WARN_UNGUARDED_AVAILABILITY = YES_AGGRESSIVE;
				CLANG_WARN_UNREACHABLE_CODE = YES;
				CLANG_WARN__DUPLICATE_METHOD_MATCH = YES;
				COPY_PHASE_STRIP = NO;
				DEBUG_INFORMATION_FORMAT = "dwarf-with-dsym";
				ENABLE_NS_ASSERTIONS = NO;
				ENABLE_STRICT_OBJC_MSGSEND = YES;
				GCC_C_LANGUAGE_STANDARD = gnu11;
				GCC_NO_COMMON_BLOCKS = YES;
				GCC_WARN_64_TO_32_BIT_CONVERSION = YES;
				GCC_WARN_ABOUT_RETURN_TYPE = YES_ERROR;
				GCC_WARN_UNDECLARED_SELECTOR = YES;
				GCC_WARN_UNINITIALIZED_AUTOS = YES_AGGRESSIVE;
				GCC_WARN_UNUSED_FUNCTION = YES;
				GCC_WARN_UNUSED_VARIABLE = YES;
				IPHONEOS_DEPLOYMENT_TARGET = 13.2;
				MTL_ENABLE_DEBUG_INFO = NO;
				MTL_FAST_MATH = YES;
				SDKROOT = iphoneos;
				SWIFT_COMPILATION_MODE = wholemodule;
				SWIFT_OPTIMIZATION_LEVEL = "-O";
				VALIDATE_PRODUCT = YES;
			};
			name = Release;
		};
		291E6A892482AC670015E831 /* Debug */ = {
			isa = XCBuildConfiguration;
			buildSettings = {
				ASSETCATALOG_COMPILER_APPICON_NAME = AppIcon;
				CODE_SIGN_STYLE = Automatic;
				DEVELOPMENT_ASSET_PATHS = "\"News/Preview Content\"";
				ENABLE_PREVIEWS = YES;
				INFOPLIST_FILE = News/Info.plist;
				LD_RUNPATH_SEARCH_PATHS = (
					"$(inherited)",
					"@executable_path/Frameworks",
				);
				PRODUCT_BUNDLE_IDENTIFIER = ntouyujen.News;
				PRODUCT_NAME = "$(TARGET_NAME)";
				SWIFT_VERSION = 5.0;
				TARGETED_DEVICE_FAMILY = "1,2";
			};
			name = Debug;
		};
		291E6A8A2482AC670015E831 /* Release */ = {
			isa = XCBuildConfiguration;
			buildSettings = {
				ASSETCATALOG_COMPILER_APPICON_NAME = AppIcon;
				CODE_SIGN_STYLE = Automatic;
				DEVELOPMENT_ASSET_PATHS = "\"News/Preview Content\"";
				ENABLE_PREVIEWS = YES;
				INFOPLIST_FILE = News/Info.plist;
				LD_RUNPATH_SEARCH_PATHS = (
					"$(inherited)",
					"@executable_path/Frameworks",
				);
				PRODUCT_BUNDLE_IDENTIFIER = ntouyujen.News;
				PRODUCT_NAME = "$(TARGET_NAME)";
				SWIFT_VERSION = 5.0;
				TARGETED_DEVICE_FAMILY = "1,2";
			};
			name = Release;
		};
/* End XCBuildConfiguration section */

/* Begin XCConfigurationList section */
		291E6A6F2482AC660015E831 /* Build configuration list for PBXProject "News" */ = {
			isa = XCConfigurationList;
			buildConfigurations = (
				291E6A862482AC670015E831 /* Debug */,
				291E6A872482AC670015E831 /* Release */,
			);
			defaultConfigurationIsVisible = 0;
			defaultConfigurationName = Release;
		};
		291E6A882482AC670015E831 /* Build configuration list for PBXNativeTarget "News" */ = {
			isa = XCConfigurationList;
			buildConfigurations = (
				291E6A892482AC670015E831 /* Debug */,
				291E6A8A2482AC670015E831 /* Release */,
			);
			defaultConfigurationIsVisible = 0;
			defaultConfigurationName = Release;
		};
/* End XCConfigurationList section */

/* Begin XCRemoteSwiftPackageReference section */
		291E6A8B2482ACF40015E831 /* XCRemoteSwiftPackageReference "SwiftyJSON" */ = {
			isa = XCRemoteSwiftPackageReference;
			repositoryURL = "https://github.com/SwiftyJSON/SwiftyJSON.git";
			requirement = {
				kind = upToNextMajorVersion;
				minimumVersion = 5.0.0;
			};
		};
		291E6A8E2482B09F0015E831 /* XCRemoteSwiftPackageReference "SDWebImageSwiftUI" */ = {
			isa = XCRemoteSwiftPackageReference;
			repositoryURL = "https://github.com/SDWebImage/SDWebImageSwiftUI.git";
			requirement = {
				kind = upToNextMajorVersion;
				minimumVersion = 1.4.0;
			};
		};
/* End XCRemoteSwiftPackageReference section */

/* Begin XCSwiftPackageProductDependency section */
		291E6A8C2482ACF40015E831 /* SwiftyJSON */ = {
			isa = XCSwiftPackageProductDependency;
			package = 291E6A8B2482ACF40015E831 /* XCRemoteSwiftPackageReference "SwiftyJSON" */;
			productName = SwiftyJSON;
		};
		291E6A8F2482B09F0015E831 /* SDWebImageSwiftUI */ = {
			isa = XCSwiftPackageProductDependency;
			package = 291E6A8E2482B09F0015E831 /* XCRemoteSwiftPackageReference "SDWebImageSwiftUI" */;
			productName = SDWebImageSwiftUI;
		};
/* End XCSwiftPackageProductDependency section */
	};
	rootObject = 291E6A6C2482AC660015E831 /* Project object */;
}
